
Microsoft Visual Studio Solution File, Format Version 12.00
# Visual Studio Version 16
VisualStudioVersion = 16.0.31424.327
MinimumVisualStudioVersion = 10.0.40219.1
Project("{9A19103F-16F7-4668-BE54-9A1E7A4F7556}") = "UOM", "UOM\UOM.csproj", "{A32D7F7F-495F-4BAE-9A7B-E77DAD29B62E}"
EndProject
Project("{9A19103F-16F7-4668-BE54-9A1E7A4F7556}") = "UOM.Tests", "UOM.Tests\UOM.Tests.csproj", "{3354D7C5-9B61-43BA-83F0-D7BDF2367355}"
EndProject
Global
	GlobalSection(SolutionConfigurationPlatforms) = preSolution
		Debug|Any CPU = Debug|Any CPU
		Release|Any CPU = Release|Any CPU
	EndGlobalSection
	GlobalSection(ProjectConfigurationPlatforms) = postSolution
		{A32D7F7F-495F-4BAE-9A7B-E77DAD29B62E}.Debug|Any CPU.ActiveCfg = Debug|Any CPU
		{A32D7F7F-495F-4BAE-9A7B-E77DAD29B62E}.Debug|Any CPU.Build.0 = Debug|Any CPU
		{A32D7F7F-495F-4BAE-9A7B-E77DAD29B62E}.Release|Any CPU.ActiveCfg = Release|Any CPU
		{A32D7F7F-495F-4BAE-9A7B-E77DAD29B62E}.Release|Any CPU.Build.0 = Release|Any CPU
		{3354D7C5-9B61-43BA-83F0-D7BDF2367355}.Debug|Any CPU.ActiveCfg = Debug|Any CPU
		{3354D7C5-9B61-43BA-83F0-D7BDF2367355}.Debug|Any CPU.Build.0 = Debug|Any CPU
		{3354D7C5-9B61-43BA-83F0-D7BDF2367355}.Release|Any CPU.ActiveCfg = Release|Any CPU
		{3354D7C5-9B61-43BA-83F0-D7BDF2367355}.Release|Any CPU.Build.0 = Release|Any CPU
	EndGlobalSection
	GlobalSection(SolutionProperties) = preSolution
		HideSolutionNode = FALSE
	EndGlobalSection
	GlobalSection(ExtensibilityGlobals) = postSolution
		SolutionGuid = {E5BD6CC1-2A73-4002-9802-7AC3CEFC4EA4}
	EndGlobalSection
EndGlobal
